// !$*UTF8*$!
{
	archiveVersion = 1;
	classes = {
	};
	objectVersion = 48;
	objects = {

/* Begin PBXBuildFile section */
		D5B89CC320984CA000191A92 /* AppDelegate.swift in Sources */ = {isa = PBXBuildFile; fileRef = D5B89CC220984CA000191A92 /* AppDelegate.swift */; };
		D5B89CC520984CA000191A92 /* Assets.xcassets in Resources */ = {isa = PBXBuildFile; fileRef = D5B89CC420984CA000191A92 /* Assets.xcassets */; };
		D5B89CC820984CA000191A92 /* MainMenu.xib in Resources */ = {isa = PBXBuildFile; fileRef = D5B89CC620984CA000191A92 /* MainMenu.xib */; };
		D5B89CD320987F0C00191A92 /* beep.mp3 in Resources */ = {isa = PBXBuildFile; fileRef = D5B89CD120987F0C00191A92 /* beep.mp3 */; };
		D5B89CD420987F0C00191A92 /* silence.mp3 in Resources */ = {isa = PBXBuildFile; fileRef = D5B89CD220987F0C00191A92 /* silence.mp3 */; };
		D5C8E5E220992A2D00D65DFD /* whitenoise.mp3 in Resources */ = {isa = PBXBuildFile; fileRef = D5C8E5E120992A2D00D65DFD /* whitenoise.mp3 */; };
/* End PBXBuildFile section */

/* Begin PBXFileReference section */
		D5B89CBF20984CA000191A92 /* Beeper.app */ = {isa = PBXFileReference; explicitFileType = wrapper.application; includeInIndex = 0; path = Beeper.app; sourceTree = BUILT_PRODUCTS_DIR; };
		D5B89CC220984CA000191A92 /* AppDelegate.swift */ = {isa = PBXFileReference; lastKnownFileType = sourcecode.swift; path = AppDelegate.swift; sourceTree = "<group>"; };
		D5B89CC420984CA000191A92 /* Assets.xcassets */ = {isa = PBXFileReference; lastKnownFileType = folder.assetcatalog; path = Assets.xcassets; sourceTree = "<group>"; };
		D5B89CC720984CA000191A92 /* Base */ = {isa = PBXFileReference; lastKnownFileType = file.xib; name = Base; path = Base.lproj/MainMenu.xib; sourceTree = "<group>"; };
		D5B89CC920984CA000191A92 /* Info.plist */ = {isa = PBXFileReference; lastKnownFileType = text.plist.xml; path = Info.plist; sourceTree = "<group>"; };
		D5B89CCA20984CA000191A92 /* Beeper.entitlements */ = {isa = PBXFileReference; lastKnownFileType = text.plist.entitlements; path = Beeper.entitlements; sourceTree = "<group>"; };
		D5B89CD120987F0C00191A92 /* beep.mp3 */ = {isa = PBXFileReference; lastKnownFileType = audio.mp3; path = beep.mp3; sourceTree = "<group>"; };
		D5B89CD220987F0C00191A92 /* silence.mp3 */ = {isa = PBXFileReference; lastKnownFileType = audio.mp3; path = silence.mp3; sourceTree = "<group>"; };
		D5C8E5E120992A2D00D65DFD /* whitenoise.mp3 */ = {isa = PBXFileReference; lastKnownFileType = audio.mp3; name = whitenoise.mp3; path = ../../../../../../../Downloads/whitenoise.mp3; sourceTree = "<group>"; };
/* End PBXFileReference section */

/* Begin PBXFrameworksBuildPhase section */
		D5B89CBC20984CA000191A92 /* Frameworks */ = {
			isa = PBXFrameworksBuildPhase;
			buildActionMask = 2147483647;
			files = (
			);
			runOnlyForDeploymentPostprocessing = 0;
		};
/* End PBXFrameworksBuildPhase section */

/* Begin PBXGroup section */
		D5B89CB620984CA000191A92 = {
			isa = PBXGroup;
			children = (
				D5B89CC120984CA000191A92 /* Beeper */,
				D5B89CC020984CA000191A92 /* Products */,
			);
			sourceTree = "<group>";
		};
		D5B89CC020984CA000191A92 /* Products */ = {
			isa = PBXGroup;
			children = (
				D5B89CBF20984CA000191A92 /* Beeper.app */,
			);
			name = Products;
			sourceTree = "<group>";
		};
		D5B89CC120984CA000191A92 /* Beeper */ = {
			isa = PBXGroup;
			children = (
				D5B89CD020987EE500191A92 /* Resuorces */,
				D5B89CC220984CA000191A92 /* AppDelegate.swift */,
				D5B89CC420984CA000191A92 /* Assets.xcassets */,
				D5B89CC620984CA000191A92 /* MainMenu.xib */,
				D5B89CC920984CA000191A92 /* Info.plist */,
				D5B89CCA20984CA000191A92 /* Beeper.entitlements */,
			);
			path = Beeper;
			sourceTree = "<group>";
		};
		D5B89CD020987EE500191A92 /* Resuorces */ = {
			isa = PBXGroup;
			children = (
				D5B89CD120987F0C00191A92 /* beep.mp3 */,
				D5C8E5E120992A2D00D65DFD /* whitenoise.mp3 */,
				D5B89CD220987F0C00191A92 /* silence.mp3 */,
			);
			path = Resuorces;
			sourceTree = "<group>";
		};
/* End PBXGroup section */

/* Begin PBXNativeTarget section */
		D5B89CBE20984CA000191A92 /* Beeper */ = {
			isa = PBXNativeTarget;
			buildConfigurationList = D5B89CCD20984CA000191A92 /* Build configuration list for PBXNativeTarget "Beeper" */;
			buildPhases = (
				D5B89CBB20984CA000191A92 /* Sources */,
				D5B89CBC20984CA000191A92 /* Frameworks */,
				D5B89CBD20984CA000191A92 /* Resources */,
			);
			buildRules = (
			);
			dependencies = (
			);
			name = Beeper;
			productName = Beeper;
			productReference = D5B89CBF20984CA000191A92 /* Beeper.app */;
			productType = "com.apple.product-type.application";
		};
/* End PBXNativeTarget section */

/* Begin PBXProject section */
		D5B89CB720984CA000191A92 /* Project object */ = {
			isa = PBXProject;
			attributes = {
				LastSwiftUpdateCheck = 0920;
				LastUpgradeCheck = 0930;
				ORGANIZATIONNAME = "Tom Brek";
				TargetAttributes = {
					D5B89CBE20984CA000191A92 = {
						CreatedOnToolsVersion = 9.2;
						ProvisioningStyle = Automatic;
					};
				};
			};
			buildConfigurationList = D5B89CBA20984CA000191A92 /* Build configuration list for PBXProject "Beeper" */;
			compatibilityVersion = "Xcode 8.0";
			developmentRegion = en;
			hasScannedForEncodings = 0;
			knownRegions = (
				en,
				Base,
			);
			mainGroup = D5B89CB620984CA000191A92;
			productRefGroup = D5B89CC020984CA000191A92 /* Products */;
			projectDirPath = "";
			projectRoot = "";
			targets = (
				D5B89CBE20984CA000191A92 /* Beeper */,
			);
		};
/* End PBXProject section */

/* Begin PBXResourcesBuildPhase section */
		D5B89CBD20984CA000191A92 /* Resources */ = {
			isa = PBXResourcesBuildPhase;
			buildActionMask = 2147483647;
			files = (
				D5B89CD420987F0C00191A92 /* silence.mp3 in Resources */,
				D5C8E5E220992A2D00D65DFD /* whitenoise.mp3 in Resources */,
				D5B89CC520984CA000191A92 /* Assets.xcassets in Resources */,
				D5B89CC820984CA000191A92 /* MainMenu.xib in Resources */,
				D5B89CD320987F0C00191A92 /* beep.mp3 in Resources */,
			);
			runOnlyForDeploymentPostprocessing = 0;
		};
/* End PBXResourcesBuildPhase section */

/* Begin PBXSourcesBuildPhase section */
		D5B89CBB20984CA000191A92 /* Sources */ = {
			isa = PBXSourcesBuildPhase;
			buildActionMask = 2147483647;
			files = (
				D5B89CC320984CA000191A92 /* AppDelegate.swift in Sources */,
			);
			runOnlyForDeploymentPostprocessing = 0;
		};
/* End PBXSourcesBuildPhase section */

/* Begin PBXVariantGroup section */
		D5B89CC620984CA000191A92 /* MainMenu.xib */ = {
			isa = PBXVariantGroup;
			children = (
				D5B89CC720984CA000191A92 /* Base */,
			);
			name = MainMenu.xib;
			sourceTree = "<group>";
		};
/* End PBXVariantGroup section */

/* Begin XCBuildConfiguration section */
		D5B89CCB20984CA000191A92 /* Debug */ = {
			isa = XCBuildConfiguration;
			buildSettings = {
				ALWAYS_SEARCH_USER_PATHS = NO;
				CLANG_ANALYZER_NONNULL = YES;
				CLANG_ANALYZER_NUMBER_OBJECT_CONVERSION = YES_AGGRESSIVE;
				CLANG_CXX_LANGUAGE_STANDARD = "gnu++14";
				CLANG_CXX_LIBRARY = "libc++";
				CLANG_ENABLE_MODULES = YES;
				CLANG_ENABLE_OBJC_ARC = YES;
				CLANG_WARN_BLOCK_CAPTURE_AUTORELEASING = YES;
				CLANG_WARN_BOOL_CONVERSION = YES;
				CLANG_WARN_COMMA = YES;
				CLANG_WARN_CONSTANT_CONVERSION = YES;
				CLANG_WARN_DEPRECATED_OBJC_IMPLEMENTATIONS = YES;
				CLANG_WARN_DIRECT_OBJC_ISA_USAGE = YES_ERROR;
				CLANG_WARN_DOCUMENTATION_COMMENTS = YES;
				CLANG_WARN_EMPTY_BODY = YES;
				CLANG_WARN_ENUM_CONVERSION = YES;
				CLANG_WARN_INFINITE_RECURSION = YES;
				CLANG_WARN_INT_CONVERSION = YES;
				CLANG_WARN_NON_LITERAL_NULL_CONVERSION = YES;
				CLANG_WARN_OBJC_IMPLICIT_RETAIN_SELF = YES;
				CLANG_WARN_OBJC_LITERAL_CONVERSION = YES;
				CLANG_WARN_OBJC_ROOT_CLASS = YES_ERROR;
				CLANG_WARN_RANGE_LOOP_ANALYSIS = YES;
				CLANG_WARN_STRICT_PROTOTYPES = YES;
				CLANG_WARN_SUSPICIOUS_MOVE = YES;
				CLANG_WARN_UNGUARDED_AVAILABILITY = YES_AGGRESSIVE;
				CLANG_WARN_UNREACHABLE_CODE = YES;
				CLANG_WARN__DUPLICATE_METHOD_MATCH = YES;
				CODE_SIGN_IDENTITY = "Mac Developer";
				COPY_PHASE_STRIP = NO;
				DEBUG_INFORMATION_FORMAT = dwarf;
				ENABLE_STRICT_OBJC_MSGSEND = YES;
				ENABLE_TESTABILITY = YES;
				GCC_C_LANGUAGE_STANDARD = gnu11;
				GCC_DYNAMIC_NO_PIC = NO;
				GCC_NO_COMMON_BLOCKS = YES;
				GCC_OPTIMIZATION_LEVEL = 0;
				GCC_PREPROCESSOR_DEFINITIONS = (
					"DEBUG=1",
					"$(inherited)",
				);
				GCC_WARN_64_TO_32_BIT_CONVERSION = YES;
				GCC_WARN_ABOUT_RETURN_TYPE = YES_ERROR;
				GCC_WARN_UNDECLARED_SELECTOR = YES;
				GCC_WARN_UNINITIALIZED_AUTOS = YES_AGGRESSIVE;
				GCC_WARN_UNUSED_FUNCTION = YES;
				GCC_WARN_UNUSED_VARIABLE = YES;
				MACOSX_DEPLOYMENT_TARGET = 10.13;
				MTL_ENABLE_DEBUG_INFO = YES;
				ONLY_ACTIVE_ARCH = YES;
				SDKROOT = macosx;
				SWIFT_ACTIVE_COMPILATION_CONDITIONS = DEBUG;
				SWIFT_OPTIMIZATION_LEVEL = "-Onone";
			};
			name = Debug;
		};
		D5B89CCC20984CA000191A92 /* Release */ = {
			isa = XCBuildConfiguration;
			buildSettings = {
				ALWAYS_SEARCH_USER_PATHS = NO;
				CLANG_ANALYZER_NONNULL = YES;
				CLANG_ANALYZER_NUMBER_OBJECT_CONVERSION = YES_AGGRESSIVE;
				CLANG_CXX_LANGUAGE_STANDARD = "gnu++14";
				CLANG_CXX_LIBRARY = "libc++";
				CLANG_ENABLE_MODULES = YES;
				CLANG_ENABLE_OBJC_ARC = YES;
				CLANG_WARN_BLOCK_CAPTURE_AUTORELEASING = YES;
				CLANG_WARN_BOOL_CONVERSION = YES;
				CLANG_WARN_COMMA = YES;
				CLANG_WARN_CONSTANT_CONVERSION = YES;
				CLANG_WARN_DEPRECATED_OBJC_IMPLEMENTATIONS = YES;
				CLANG_WARN_DIRECT_OBJC_ISA_USAGE = YES_ERROR;
				CLANG_WARN_DOCUMENTATION_COMMENTS = YES;
				CLANG_WARN_EMPTY_BODY = YES;
				CLANG_WARN_ENUM_CONVERSION = YES;
				CLANG_WARN_INFINITE_RECURSION = YES;
				CLANG_WARN_INT_CONVERSION = YES;
				CLANG_WARN_NON_LITERAL_NULL_CONVERSION = YES;
				CLANG_WARN_OBJC_IMPLICIT_RETAIN_SELF = YES;
				CLANG_WARN_OBJC_LITERAL_CONVERSION = YES;
				CLANG_WARN_OBJC_ROOT_CLASS = YES_ERROR;
				CLANG_WARN_RANGE_LOOP_ANALYSIS = YES;
				CLANG_WARN_STRICT_PROTOTYPES = YES;
				CLANG_WARN_SUSPICIOUS_MOVE = YES;
				CLANG_WARN_UNGUARDED_AVAILABILITY = YES_AGGRESSIVE;
				CLANG_WARN_UNREACHABLE_CODE = YES;
				CLANG_WARN__DUPLICATE_METHOD_MATCH = YES;
				CODE_SIGN_IDENTITY = "Mac Developer";
				COPY_PHASE_STRIP = NO;
				DEBUG_INFORMATION_FORMAT = "dwarf-with-dsym";
				ENABLE_NS_ASSERTIONS = NO;
				ENABLE_STRICT_OBJC_MSGSEND = YES;
				GCC_C_LANGUAGE_STANDARD = gnu11;
				GCC_NO_COMMON_BLOCKS = YES;
				GCC_WARN_64_TO_32_BIT_CONVERSION = YES;
				GCC_WARN_ABOUT_RETURN_TYPE = YES_ERROR;
				GCC_WARN_UNDECLARED_SELECTOR = YES;
				GCC_WARN_UNINITIALIZED_AUTOS = YES_AGGRESSIVE;
				GCC_WARN_UNUSED_FUNCTION = YES;
				GCC_WARN_UNUSED_VARIABLE = YES;
				MACOSX_DEPLOYMENT_TARGET = 10.13;
				MTL_ENABLE_DEBUG_INFO = NO;
				SDKROOT = macosx;
				SWIFT_OPTIMIZATION_LEVEL = "-Owholemodule";
			};
			name = Release;
		};
		D5B89CCE20984CA000191A92 /* Debug */ = {
			isa = XCBuildConfiguration;
			buildSettings = {
				ASSETCATALOG_COMPILER_APPICON_NAME = AppIcon;
				CODE_SIGN_ENTITLEMENTS = Beeper/Beeper.entitlements;
				CODE_SIGN_STYLE = Automatic;
				COMBINE_HIDPI_IMAGES = YES;
				DEVELOPMENT_TEAM = UJTM88G62N;
				INFOPLIST_FILE = Beeper/Info.plist;
				LD_RUNPATH_SEARCH_PATHS = "$(inherited) @executable_path/../Frameworks";
				PRODUCT_BUNDLE_IDENTIFIER = tombrek.com.Beeper;
				PRODUCT_NAME = "$(TARGET_NAME)";
				SWIFT_VERSION = 4.0;
			};
			name = Debug;
		};
		D5B89CCF20984CA000191A92 /* Release */ = {
			isa = XCBuildConfiguration;
			buildSettings = {
				ASSETCATALOG_COMPILER_APPICON_NAME = AppIcon;
				CODE_SIGN_ENTITLEMENTS = Beeper/Beeper.entitlements;
				CODE_SIGN_STYLE = Automatic;
				COMBINE_HIDPI_IMAGES = YES;
				DEVELOPMENT_TEAM = UJTM88G62N;
				INFOPLIST_FILE = Beeper/Info.plist;
				LD_RUNPATH_SEARCH_PATHS = "$(inherited) @executable_path/../Frameworks";
				PRODUCT_BUNDLE_IDENTIFIER = tombrek.com.Beeper;
				PRODUCT_NAME = "$(TARGET_NAME)";
				SWIFT_VERSION = 4.0;
			};
			name = Release;
		};
/* End XCBuildConfiguration section */

/* Begin XCConfigurationList section */
		D5B89CBA20984CA000191A92 /* Build configuration list for PBXProject "Beeper" */ = {
			isa = XCConfigurationList;
			buildConfigurations = (
				D5B89CCB20984CA000191A92 /* Debug */,
				D5B89CCC20984CA000191A92 /* Release */,
			);
			defaultConfigurationIsVisible = 0;
			defaultConfigurationName = Release;
		};
		D5B89CCD20984CA000191A92 /* Build configuration list for PBXNativeTarget "Beeper" */ = {
			isa = XCConfigurationList;
			buildConfigurations = (
				D5B89CCE20984CA000191A92 /* Debug */,
				D5B89CCF20984CA000191A92 /* Release */,
			);
			defaultConfigurationIsVisible = 0;
			defaultConfigurationName = Release;
		};
/* End XCConfigurationList section */
	};
	rootObject = D5B89CB720984CA000191A92 /* Project object */;
}
